// !$*UTF8*$!
{
	archiveVersion = 1;
	classes = {
	};
	objectVersion = 56;
	objects = {

/* Begin PBXBuildFile section */
		E90D16BF2B0D51B3003996E6 /* CalculationVMProtocol.swift in Sources */ = {isa = PBXBuildFile; fileRef = E90D16BE2B0D51B3003996E6 /* CalculationVMProtocol.swift */; };
		E90D16C22B0D5212003996E6 /* EuclidAlgoVM.swift in Sources */ = {isa = PBXBuildFile; fileRef = E90D16C12B0D5212003996E6 /* EuclidAlgoVM.swift */; };
		E90D16C42B0D552F003996E6 /* ExtendedEuclidAlgoVM.swift in Sources */ = {isa = PBXBuildFile; fileRef = E90D16C32B0D552F003996E6 /* ExtendedEuclidAlgoVM.swift */; };
		E90D16C62B0D5ABC003996E6 /* ModuloVM.swift in Sources */ = {isa = PBXBuildFile; fileRef = E90D16C52B0D5ABC003996E6 /* ModuloVM.swift */; };
		E90D16C82B0D5DB0003996E6 /* CongruenceVM.swift in Sources */ = {isa = PBXBuildFile; fileRef = E90D16C72B0D5DB0003996E6 /* CongruenceVM.swift */; };
		E90D16CB2B0D6264003996E6 /* Power.swift in Sources */ = {isa = PBXBuildFile; fileRef = E90D16CA2B0D6264003996E6 /* Power.swift */; };
		E90D16CD2B0D6402003996E6 /* EquivalenceClassVM.swift in Sources */ = {isa = PBXBuildFile; fileRef = E90D16CC2B0D6402003996E6 /* EquivalenceClassVM.swift */; };
		E90D16CF2B0D6662003996E6 /* AdditionInZVM.swift in Sources */ = {isa = PBXBuildFile; fileRef = E90D16CE2B0D6662003996E6 /* AdditionInZVM.swift */; };
		E90D16D12B0D67F5003996E6 /* MultiplicationInZVM.swift in Sources */ = {isa = PBXBuildFile; fileRef = E90D16D02B0D67F5003996E6 /* MultiplicationInZVM.swift */; };
		E90D16D32B0D690E003996E6 /* InvertiblesInZVM.swift in Sources */ = {isa = PBXBuildFile; fileRef = E90D16D22B0D690E003996E6 /* InvertiblesInZVM.swift */; };
		E90D16D52B0D6C6E003996E6 /* LinearEquationInZVM.swift in Sources */ = {isa = PBXBuildFile; fileRef = E90D16D42B0D6C6E003996E6 /* LinearEquationInZVM.swift */; };
		E90D16D72B0D80F0003996E6 /* InverseInZVM.swift in Sources */ = {isa = PBXBuildFile; fileRef = E90D16D62B0D80F0003996E6 /* InverseInZVM.swift */; };
		E90D16DB2B0E41F8003996E6 /* Localizable.strings in Resources */ = {isa = PBXBuildFile; fileRef = E90D16DD2B0E41F8003996E6 /* Localizable.strings */; };
		E90D16E02B0E55CF003996E6 /* Localized.swift in Sources */ = {isa = PBXBuildFile; fileRef = E90D16DF2B0E55CF003996E6 /* Localized.swift */; };
		E90D16E52B1011FA003996E6 /* AlphabetSelectorView.swift in Sources */ = {isa = PBXBuildFile; fileRef = E90D16E42B1011FA003996E6 /* AlphabetSelectorView.swift */; };
		E90D16E72B113B98003996E6 /* AlphabetSelectorCell.swift in Sources */ = {isa = PBXBuildFile; fileRef = E90D16E62B113B98003996E6 /* AlphabetSelectorCell.swift */; };
		E90D16EA2B113C09003996E6 /* Letter.swift in Sources */ = {isa = PBXBuildFile; fileRef = E90D16E92B113C09003996E6 /* Letter.swift */; };
		E90D16EC2B113C69003996E6 /* AlphabetSelectorSection.swift in Sources */ = {isa = PBXBuildFile; fileRef = E90D16EB2B113C69003996E6 /* AlphabetSelectorSection.swift */; };
		E90D16EE2B114188003996E6 /* LettersPreset.swift in Sources */ = {isa = PBXBuildFile; fileRef = E90D16ED2B114188003996E6 /* LettersPreset.swift */; };
		E90FFB142AF1771F00E1DE47 /* Congruence.swift in Sources */ = {isa = PBXBuildFile; fileRef = E90FFB132AF1771F00E1DE47 /* Congruence.swift */; };
		E91160052B0134D6002F1032 /* EuclidAlgoPage.swift in Sources */ = {isa = PBXBuildFile; fileRef = E91160042B0134D6002F1032 /* EuclidAlgoPage.swift */; };
		E91160082B01559A002F1032 /* LaTeXSwiftUI in Frameworks */ = {isa = PBXBuildFile; productRef = E91160072B01559A002F1032 /* LaTeXSwiftUI */; };
		E9438F8E2AFAC03000497480 /* PageInfo.swift in Sources */ = {isa = PBXBuildFile; fileRef = E9438F8D2AFAC03000497480 /* PageInfo.swift */; };
		E95C88242AFC1D1500B51A38 /* EquivalenceClass.swift in Sources */ = {isa = PBXBuildFile; fileRef = E95C88232AFC1D1500B51A38 /* EquivalenceClass.swift */; };
		E95C88262AFC4CD000B51A38 /* AdditionInZ.swift in Sources */ = {isa = PBXBuildFile; fileRef = E95C88252AFC4CD000B51A38 /* AdditionInZ.swift */; };
		E95C88282AFC525E00B51A38 /* MultiplicationInZ.swift in Sources */ = {isa = PBXBuildFile; fileRef = E95C88272AFC525E00B51A38 /* MultiplicationInZ.swift */; };
		E95C882A2AFD60DB00B51A38 /* InvertiblesInZ.swift in Sources */ = {isa = PBXBuildFile; fileRef = E95C88292AFD60DB00B51A38 /* InvertiblesInZ.swift */; };
		E95C882C2AFD7A2900B51A38 /* LinearEquationInZ.swift in Sources */ = {isa = PBXBuildFile; fileRef = E95C882B2AFD7A2900B51A38 /* LinearEquationInZ.swift */; };
		E95C882E2AFD8AC600B51A38 /* InverseInZ.swift in Sources */ = {isa = PBXBuildFile; fileRef = E95C882D2AFD8AC600B51A38 /* InverseInZ.swift */; };
		E95E38492B06B3B1003DE8B1 /* RoundedBorder.swift in Sources */ = {isa = PBXBuildFile; fileRef = E95E38482B06B3B1003DE8B1 /* RoundedBorder.swift */; };
		E98DF8C22B086683002174B2 /* ACNavigationView.swift in Sources */ = {isa = PBXBuildFile; fileRef = E98DF8C12B086683002174B2 /* ACNavigationView.swift */; };
		E98DF8C82B0A90F7002174B2 /* SavedItemCell.swift in Sources */ = {isa = PBXBuildFile; fileRef = E98DF8C72B0A90F7002174B2 /* SavedItemCell.swift */; };
		E9972FEF2B03C716004A6553 /* ExtendedEuclidAlgoPage.swift in Sources */ = {isa = PBXBuildFile; fileRef = E9972FEE2B03C716004A6553 /* ExtendedEuclidAlgoPage.swift */; };
		E9972FF12B03C8F6004A6553 /* SolutionCell.swift in Sources */ = {isa = PBXBuildFile; fileRef = E9972FF02B03C8F6004A6553 /* SolutionCell.swift */; };
		E9972FF32B051950004A6553 /* ModuloPage.swift in Sources */ = {isa = PBXBuildFile; fileRef = E9972FF22B051950004A6553 /* ModuloPage.swift */; };
		E9972FF52B051A78004A6553 /* CongruencePage.swift in Sources */ = {isa = PBXBuildFile; fileRef = E9972FF42B051A78004A6553 /* CongruencePage.swift */; };
		E9972FF72B051B0D004A6553 /* EquivalenceClassPage.swift in Sources */ = {isa = PBXBuildFile; fileRef = E9972FF62B051B0D004A6553 /* EquivalenceClassPage.swift */; };
		E9972FF92B051B88004A6553 /* AdditionInZPage.swift in Sources */ = {isa = PBXBuildFile; fileRef = E9972FF82B051B88004A6553 /* AdditionInZPage.swift */; };
		E9ACB7DA2B3303C90087439A /* CIUAisen in Frameworks */ = {isa = PBXBuildFile; productRef = E9ACB7D92B3303C90087439A /* CIUAisen */; };
		E9CA112E2AF070F50077BBAC /* Algo_CryptoApp.swift in Sources */ = {isa = PBXBuildFile; fileRef = E9CA112D2AF070F50077BBAC /* Algo_CryptoApp.swift */; };
		E9CA11302AF070F50077BBAC /* ContentView.swift in Sources */ = {isa = PBXBuildFile; fileRef = E9CA112F2AF070F50077BBAC /* ContentView.swift */; };
		E9CA11342AF070F70077BBAC /* Assets.xcassets in Resources */ = {isa = PBXBuildFile; fileRef = E9CA11332AF070F70077BBAC /* Assets.xcassets */; };
		E9CA11372AF070F70077BBAC /* Preview Assets.xcassets in Resources */ = {isa = PBXBuildFile; fileRef = E9CA11362AF070F70077BBAC /* Preview Assets.xcassets */; };
		E9CA11422AF070F70077BBAC /* Algo_CryptoTests.swift in Sources */ = {isa = PBXBuildFile; fileRef = E9CA11412AF070F70077BBAC /* Algo_CryptoTests.swift */; };
		E9CA114C2AF070F70077BBAC /* Algo_CryptoUITests.swift in Sources */ = {isa = PBXBuildFile; fileRef = E9CA114B2AF070F70077BBAC /* Algo_CryptoUITests.swift */; };
		E9CA114E2AF070F70077BBAC /* Algo_CryptoUITestsLaunchTests.swift in Sources */ = {isa = PBXBuildFile; fileRef = E9CA114D2AF070F70077BBAC /* Algo_CryptoUITestsLaunchTests.swift */; };
		E9CA115C2AF072580077BBAC /* EuclidAlgo.swift in Sources */ = {isa = PBXBuildFile; fileRef = E9CA115B2AF072580077BBAC /* EuclidAlgo.swift */; };
		E9CA115E2AF072730077BBAC /* ExtendedEuclidAlgo.swift in Sources */ = {isa = PBXBuildFile; fileRef = E9CA115D2AF072730077BBAC /* ExtendedEuclidAlgo.swift */; };
		E9CA11622AF072BA0077BBAC /* EdgeBorder.swift in Sources */ = {isa = PBXBuildFile; fileRef = E9CA11612AF072BA0077BBAC /* EdgeBorder.swift */; };
		E9CA11642AF072DA0077BBAC /* ACButton.swift in Sources */ = {isa = PBXBuildFile; fileRef = E9CA11632AF072DA0077BBAC /* ACButton.swift */; };
		E9CA11662AF073220077BBAC /* NumberField.swift in Sources */ = {isa = PBXBuildFile; fileRef = E9CA11652AF073220077BBAC /* NumberField.swift */; };
		E9CA11682AF0736D0077BBAC /* SolutionSection.swift in Sources */ = {isa = PBXBuildFile; fileRef = E9CA11672AF0736D0077BBAC /* SolutionSection.swift */; };
		E9CE4DDC2B052FDB007FD6AB /* MultiplicationInZPage.swift in Sources */ = {isa = PBXBuildFile; fileRef = E9CE4DDB2B052FDB007FD6AB /* MultiplicationInZPage.swift */; };
		E9CE4DDE2B05460D007FD6AB /* InvertiblesInZPage.swift in Sources */ = {isa = PBXBuildFile; fileRef = E9CE4DDD2B05460D007FD6AB /* InvertiblesInZPage.swift */; };
		E9CE4DE02B054660007FD6AB /* LinearEquationInZPage.swift in Sources */ = {isa = PBXBuildFile; fileRef = E9CE4DDF2B054660007FD6AB /* LinearEquationInZPage.swift */; };
		E9CE4DE22B054674007FD6AB /* InverseInZPage.swift in Sources */ = {isa = PBXBuildFile; fileRef = E9CE4DE12B054674007FD6AB /* InverseInZPage.swift */; };
		E9E3B3892AF0B72E000B258B /* Modulo.swift in Sources */ = {isa = PBXBuildFile; fileRef = E9E3B3882AF0B72E000B258B /* Modulo.swift */; };
		E9E3B38D2AF134DD000B258B /* CalculationPage.swift in Sources */ = {isa = PBXBuildFile; fileRef = E9E3B38C2AF134DD000B258B /* CalculationPage.swift */; };
		E9E3B3902AF13722000B258B /* CalculationProtocol.swift in Sources */ = {isa = PBXBuildFile; fileRef = E9E3B38F2AF13722000B258B /* CalculationProtocol.swift */; };
		E9FACA3E2B12DA3900D7B367 /* PrimeFactors.swift in Sources */ = {isa = PBXBuildFile; fileRef = E9FACA3D2B12DA3900D7B367 /* PrimeFactors.swift */; };
		E9FACA402B12DAB200D7B367 /* PrimeFactorsVM.swift in Sources */ = {isa = PBXBuildFile; fileRef = E9FACA3F2B12DAB200D7B367 /* PrimeFactorsVM.swift */; };
		E9FACA422B12DE0D00D7B367 /* PrimeFactorsPage.swift in Sources */ = {isa = PBXBuildFile; fileRef = E9FACA412B12DE0D00D7B367 /* PrimeFactorsPage.swift */; };
		E9FACA442B1319D800D7B367 /* CalculationPage2.swift in Sources */ = {isa = PBXBuildFile; fileRef = E9FACA432B1319D800D7B367 /* CalculationPage2.swift */; };
		E9FACA462B1336C300D7B367 /* Phi.swift in Sources */ = {isa = PBXBuildFile; fileRef = E9FACA452B1336C300D7B367 /* Phi.swift */; };
		E9FACA482B13378D00D7B367 /* PhiVM.swift in Sources */ = {isa = PBXBuildFile; fileRef = E9FACA472B13378D00D7B367 /* PhiVM.swift */; };
		E9FACA4A2B13390B00D7B367 /* IsPrime.swift in Sources */ = {isa = PBXBuildFile; fileRef = E9FACA492B13390B00D7B367 /* IsPrime.swift */; };
		E9FACA4C2B133B7E00D7B367 /* PhiPage.swift in Sources */ = {isa = PBXBuildFile; fileRef = E9FACA4B2B133B7E00D7B367 /* PhiPage.swift */; };
		E9FACA4E2B1341C300D7B367 /* PolynomialEquation.swift in Sources */ = {isa = PBXBuildFile; fileRef = E9FACA4D2B1341C300D7B367 /* PolynomialEquation.swift */; };
		E9FACA502B13420F00D7B367 /* PolynomialEquationVM.swift in Sources */ = {isa = PBXBuildFile; fileRef = E9FACA4F2B13420F00D7B367 /* PolynomialEquationVM.swift */; };
		E9FACA522B13468400D7B367 /* PolynomialEquationPage.swift in Sources */ = {isa = PBXBuildFile; fileRef = E9FACA512B13468400D7B367 /* PolynomialEquationPage.swift */; };
		E9FACA552B1351DD00D7B367 /* HasDuplicates.swift in Sources */ = {isa = PBXBuildFile; fileRef = E9FACA542B1351DD00D7B367 /* HasDuplicates.swift */; };
		E9FACA572B13537200D7B367 /* OppositeKey.swift in Sources */ = {isa = PBXBuildFile; fileRef = E9FACA562B13537200D7B367 /* OppositeKey.swift */; };
		E9FACA592B1353B700D7B367 /* OppositeKeyVM.swift in Sources */ = {isa = PBXBuildFile; fileRef = E9FACA582B1353B700D7B367 /* OppositeKeyVM.swift */; };
		E9FACA5B2B1354F400D7B367 /* OppositeKeyPage.swift in Sources */ = {isa = PBXBuildFile; fileRef = E9FACA5A2B1354F400D7B367 /* OppositeKeyPage.swift */; };
		E9FACA5D2B13BC7200D7B367 /* RSA.swift in Sources */ = {isa = PBXBuildFile; fileRef = E9FACA5C2B13BC7200D7B367 /* RSA.swift */; };
		E9FACA5F2B13BCC300D7B367 /* RSAVM.swift in Sources */ = {isa = PBXBuildFile; fileRef = E9FACA5E2B13BCC300D7B367 /* RSAVM.swift */; };
		E9FACA612B13C68700D7B367 /* RSAPage.swift in Sources */ = {isa = PBXBuildFile; fileRef = E9FACA602B13C68700D7B367 /* RSAPage.swift */; };
		E9FACA632B13C84B00D7B367 /* InformationCell.swift in Sources */ = {isa = PBXBuildFile; fileRef = E9FACA622B13C84B00D7B367 /* InformationCell.swift */; };
		E9FACA652B13CCC000D7B367 /* RSASignature.swift in Sources */ = {isa = PBXBuildFile; fileRef = E9FACA642B13CCC000D7B367 /* RSASignature.swift */; };
		E9FACA672B13CD8500D7B367 /* RSASignatureVM.swift in Sources */ = {isa = PBXBuildFile; fileRef = E9FACA662B13CD8500D7B367 /* RSASignatureVM.swift */; };
		E9FACA692B13D30500D7B367 /* RSASignaturePage.swift in Sources */ = {isa = PBXBuildFile; fileRef = E9FACA682B13D30500D7B367 /* RSASignaturePage.swift */; };
/* End PBXBuildFile section */

/* Begin PBXContainerItemProxy section */
		E9CA113E2AF070F70077BBAC /* PBXContainerItemProxy */ = {
			isa = PBXContainerItemProxy;
			containerPortal = E9CA11222AF070F50077BBAC /* Project object */;
			proxyType = 1;
			remoteGlobalIDString = E9CA11292AF070F50077BBAC;
			remoteInfo = "Algo Crypto";
		};
		E9CA11482AF070F70077BBAC /* PBXContainerItemProxy */ = {
			isa = PBXContainerItemProxy;
			containerPortal = E9CA11222AF070F50077BBAC /* Project object */;
			proxyType = 1;
			remoteGlobalIDString = E9CA11292AF070F50077BBAC;
			remoteInfo = "Algo Crypto";
		};
/* End PBXContainerItemProxy section */

/* Begin PBXFileReference section */
		E90D16BE2B0D51B3003996E6 /* CalculationVMProtocol.swift */ = {isa = PBXFileReference; lastKnownFileType = sourcecode.swift; path = CalculationVMProtocol.swift; sourceTree = "<group>"; };
		E90D16C12B0D5212003996E6 /* EuclidAlgoVM.swift */ = {isa = PBXFileReference; lastKnownFileType = sourcecode.swift; path = EuclidAlgoVM.swift; sourceTree = "<group>"; };
		E90D16C32B0D552F003996E6 /* ExtendedEuclidAlgoVM.swift */ = {isa = PBXFileReference; lastKnownFileType = sourcecode.swift; path = ExtendedEuclidAlgoVM.swift; sourceTree = "<group>"; };
		E90D16C52B0D5ABC003996E6 /* ModuloVM.swift */ = {isa = PBXFileReference; lastKnownFileType = sourcecode.swift; path = ModuloVM.swift; sourceTree = "<group>"; };
		E90D16C72B0D5DB0003996E6 /* CongruenceVM.swift */ = {isa = PBXFileReference; lastKnownFileType = sourcecode.swift; path = CongruenceVM.swift; sourceTree = "<group>"; };
		E90D16CA2B0D6264003996E6 /* Power.swift */ = {isa = PBXFileReference; lastKnownFileType = sourcecode.swift; path = Power.swift; sourceTree = "<group>"; };
		E90D16CC2B0D6402003996E6 /* EquivalenceClassVM.swift */ = {isa = PBXFileReference; lastKnownFileType = sourcecode.swift; path = EquivalenceClassVM.swift; sourceTree = "<group>"; };
		E90D16CE2B0D6662003996E6 /* AdditionInZVM.swift */ = {isa = PBXFileReference; lastKnownFileType = sourcecode.swift; path = AdditionInZVM.swift; sourceTree = "<group>"; };
		E90D16D02B0D67F5003996E6 /* MultiplicationInZVM.swift */ = {isa = PBXFileReference; lastKnownFileType = sourcecode.swift; path = MultiplicationInZVM.swift; sourceTree = "<group>"; };
		E90D16D22B0D690E003996E6 /* InvertiblesInZVM.swift */ = {isa = PBXFileReference; lastKnownFileType = sourcecode.swift; path = InvertiblesInZVM.swift; sourceTree = "<group>"; };
		E90D16D42B0D6C6E003996E6 /* LinearEquationInZVM.swift */ = {isa = PBXFileReference; lastKnownFileType = sourcecode.swift; path = LinearEquationInZVM.swift; sourceTree = "<group>"; };
		E90D16D62B0D80F0003996E6 /* InverseInZVM.swift */ = {isa = PBXFileReference; lastKnownFileType = sourcecode.swift; path = InverseInZVM.swift; sourceTree = "<group>"; };
		E90D16DC2B0E41F8003996E6 /* fr */ = {isa = PBXFileReference; lastKnownFileType = text.plist.strings; name = fr; path = fr.lproj/Localizable.strings; sourceTree = "<group>"; };
		E90D16DE2B0E41FA003996E6 /* en */ = {isa = PBXFileReference; lastKnownFileType = text.plist.strings; name = en; path = en.lproj/Localizable.strings; sourceTree = "<group>"; };
		E90D16DF2B0E55CF003996E6 /* Localized.swift */ = {isa = PBXFileReference; lastKnownFileType = sourcecode.swift; path = Localized.swift; sourceTree = "<group>"; };
		E90D16E42B1011FA003996E6 /* AlphabetSelectorView.swift */ = {isa = PBXFileReference; lastKnownFileType = sourcecode.swift; path = AlphabetSelectorView.swift; sourceTree = "<group>"; };
		E90D16E62B113B98003996E6 /* AlphabetSelectorCell.swift */ = {isa = PBXFileReference; lastKnownFileType = sourcecode.swift; path = AlphabetSelectorCell.swift; sourceTree = "<group>"; };
		E90D16E92B113C09003996E6 /* Letter.swift */ = {isa = PBXFileReference; lastKnownFileType = sourcecode.swift; path = Letter.swift; sourceTree = "<group>"; };
		E90D16EB2B113C69003996E6 /* AlphabetSelectorSection.swift */ = {isa = PBXFileReference; lastKnownFileType = sourcecode.swift; path = AlphabetSelectorSection.swift; sourceTree = "<group>"; };
		E90D16ED2B114188003996E6 /* LettersPreset.swift */ = {isa = PBXFileReference; lastKnownFileType = sourcecode.swift; path = LettersPreset.swift; sourceTree = "<group>"; };
		E90FFB132AF1771F00E1DE47 /* Congruence.swift */ = {isa = PBXFileReference; lastKnownFileType = sourcecode.swift; path = Congruence.swift; sourceTree = "<group>"; };
		E91160042B0134D6002F1032 /* EuclidAlgoPage.swift */ = {isa = PBXFileReference; lastKnownFileType = sourcecode.swift; path = EuclidAlgoPage.swift; sourceTree = "<group>"; };
		E9438F8D2AFAC03000497480 /* PageInfo.swift */ = {isa = PBXFileReference; lastKnownFileType = sourcecode.swift; path = PageInfo.swift; sourceTree = "<group>"; };
		E95C88232AFC1D1500B51A38 /* EquivalenceClass.swift */ = {isa = PBXFileReference; lastKnownFileType = sourcecode.swift; path = EquivalenceClass.swift; sourceTree = "<group>"; };
		E95C88252AFC4CD000B51A38 /* AdditionInZ.swift */ = {isa = PBXFileReference; lastKnownFileType = sourcecode.swift; path = AdditionInZ.swift; sourceTree = "<group>"; };
		E95C88272AFC525E00B51A38 /* MultiplicationInZ.swift */ = {isa = PBXFileReference; lastKnownFileType = sourcecode.swift; path = MultiplicationInZ.swift; sourceTree = "<group>"; };
		E95C88292AFD60DB00B51A38 /* InvertiblesInZ.swift */ = {isa = PBXFileReference; lastKnownFileType = sourcecode.swift; path = InvertiblesInZ.swift; sourceTree = "<group>"; };
		E95C882B2AFD7A2900B51A38 /* LinearEquationInZ.swift */ = {isa = PBXFileReference; lastKnownFileType = sourcecode.swift; path = LinearEquationInZ.swift; sourceTree = "<group>"; };
		E95C882D2AFD8AC600B51A38 /* InverseInZ.swift */ = {isa = PBXFileReference; lastKnownFileType = sourcecode.swift; path = InverseInZ.swift; sourceTree = "<group>"; };
		E95E38482B06B3B1003DE8B1 /* RoundedBorder.swift */ = {isa = PBXFileReference; lastKnownFileType = sourcecode.swift; path = RoundedBorder.swift; sourceTree = "<group>"; };
		E98DF8C12B086683002174B2 /* ACNavigationView.swift */ = {isa = PBXFileReference; lastKnownFileType = sourcecode.swift; path = ACNavigationView.swift; sourceTree = "<group>"; };
		E98DF8C72B0A90F7002174B2 /* SavedItemCell.swift */ = {isa = PBXFileReference; lastKnownFileType = sourcecode.swift; path = SavedItemCell.swift; sourceTree = "<group>"; };
		E9972FEE2B03C716004A6553 /* ExtendedEuclidAlgoPage.swift */ = {isa = PBXFileReference; lastKnownFileType = sourcecode.swift; path = ExtendedEuclidAlgoPage.swift; sourceTree = "<group>"; };
		E9972FF02B03C8F6004A6553 /* SolutionCell.swift */ = {isa = PBXFileReference; lastKnownFileType = sourcecode.swift; path = SolutionCell.swift; sourceTree = "<group>"; };
		E9972FF22B051950004A6553 /* ModuloPage.swift */ = {isa = PBXFileReference; lastKnownFileType = sourcecode.swift; path = ModuloPage.swift; sourceTree = "<group>"; };
		E9972FF42B051A78004A6553 /* CongruencePage.swift */ = {isa = PBXFileReference; lastKnownFileType = sourcecode.swift; path = CongruencePage.swift; sourceTree = "<group>"; };
		E9972FF62B051B0D004A6553 /* EquivalenceClassPage.swift */ = {isa = PBXFileReference; lastKnownFileType = sourcecode.swift; path = EquivalenceClassPage.swift; sourceTree = "<group>"; };
		E9972FF82B051B88004A6553 /* AdditionInZPage.swift */ = {isa = PBXFileReference; lastKnownFileType = sourcecode.swift; path = AdditionInZPage.swift; sourceTree = "<group>"; };
		E9CA112A2AF070F50077BBAC /* Algo Crypto.app */ = {isa = PBXFileReference; explicitFileType = wrapper.application; includeInIndex = 0; path = "Algo Crypto.app"; sourceTree = BUILT_PRODUCTS_DIR; };
		E9CA112D2AF070F50077BBAC /* Algo_CryptoApp.swift */ = {isa = PBXFileReference; lastKnownFileType = sourcecode.swift; path = Algo_CryptoApp.swift; sourceTree = "<group>"; };
		E9CA112F2AF070F50077BBAC /* ContentView.swift */ = {isa = PBXFileReference; lastKnownFileType = sourcecode.swift; path = ContentView.swift; sourceTree = "<group>"; };
		E9CA11332AF070F70077BBAC /* Assets.xcassets */ = {isa = PBXFileReference; lastKnownFileType = folder.assetcatalog; path = Assets.xcassets; sourceTree = "<group>"; };
		E9CA11362AF070F70077BBAC /* Preview Assets.xcassets */ = {isa = PBXFileReference; lastKnownFileType = folder.assetcatalog; path = "Preview Assets.xcassets"; sourceTree = "<group>"; };
		E9CA11382AF070F70077BBAC /* Algo_Crypto.entitlements */ = {isa = PBXFileReference; lastKnownFileType = text.plist.entitlements; path = Algo_Crypto.entitlements; sourceTree = "<group>"; };
		E9CA113D2AF070F70077BBAC /* Algo CryptoTests.xctest */ = {isa = PBXFileReference; explicitFileType = wrapper.cfbundle; includeInIndex = 0; path = "Algo CryptoTests.xctest"; sourceTree = BUILT_PRODUCTS_DIR; };
		E9CA11412AF070F70077BBAC /* Algo_CryptoTests.swift */ = {isa = PBXFileReference; lastKnownFileType = sourcecode.swift; path = Algo_CryptoTests.swift; sourceTree = "<group>"; };
		E9CA11472AF070F70077BBAC /* Algo CryptoUITests.xctest */ = {isa = PBXFileReference; explicitFileType = wrapper.cfbundle; includeInIndex = 0; path = "Algo CryptoUITests.xctest"; sourceTree = BUILT_PRODUCTS_DIR; };
		E9CA114B2AF070F70077BBAC /* Algo_CryptoUITests.swift */ = {isa = PBXFileReference; lastKnownFileType = sourcecode.swift; path = Algo_CryptoUITests.swift; sourceTree = "<group>"; };
		E9CA114D2AF070F70077BBAC /* Algo_CryptoUITestsLaunchTests.swift */ = {isa = PBXFileReference; lastKnownFileType = sourcecode.swift; path = Algo_CryptoUITestsLaunchTests.swift; sourceTree = "<group>"; };
		E9CA115B2AF072580077BBAC /* EuclidAlgo.swift */ = {isa = PBXFileReference; lastKnownFileType = sourcecode.swift; path = EuclidAlgo.swift; sourceTree = "<group>"; };
		E9CA115D2AF072730077BBAC /* ExtendedEuclidAlgo.swift */ = {isa = PBXFileReference; lastKnownFileType = sourcecode.swift; path = ExtendedEuclidAlgo.swift; sourceTree = "<group>"; };
		E9CA11612AF072BA0077BBAC /* EdgeBorder.swift */ = {isa = PBXFileReference; lastKnownFileType = sourcecode.swift; path = EdgeBorder.swift; sourceTree = "<group>"; };
		E9CA11632AF072DA0077BBAC /* ACButton.swift */ = {isa = PBXFileReference; lastKnownFileType = sourcecode.swift; path = ACButton.swift; sourceTree = "<group>"; };
		E9CA11652AF073220077BBAC /* NumberField.swift */ = {isa = PBXFileReference; lastKnownFileType = sourcecode.swift; path = NumberField.swift; sourceTree = "<group>"; };
		E9CA11672AF0736D0077BBAC /* SolutionSection.swift */ = {isa = PBXFileReference; lastKnownFileType = sourcecode.swift; path = SolutionSection.swift; sourceTree = "<group>"; };
		E9CE4DDB2B052FDB007FD6AB /* MultiplicationInZPage.swift */ = {isa = PBXFileReference; lastKnownFileType = sourcecode.swift; path = MultiplicationInZPage.swift; sourceTree = "<group>"; };
		E9CE4DDD2B05460D007FD6AB /* InvertiblesInZPage.swift */ = {isa = PBXFileReference; lastKnownFileType = sourcecode.swift; path = InvertiblesInZPage.swift; sourceTree = "<group>"; };
		E9CE4DDF2B054660007FD6AB /* LinearEquationInZPage.swift */ = {isa = PBXFileReference; lastKnownFileType = sourcecode.swift; path = LinearEquationInZPage.swift; sourceTree = "<group>"; };
		E9CE4DE12B054674007FD6AB /* InverseInZPage.swift */ = {isa = PBXFileReference; lastKnownFileType = sourcecode.swift; path = InverseInZPage.swift; sourceTree = "<group>"; };
		E9E3B3882AF0B72E000B258B /* Modulo.swift */ = {isa = PBXFileReference; lastKnownFileType = sourcecode.swift; path = Modulo.swift; sourceTree = "<group>"; };
		E9E3B38C2AF134DD000B258B /* CalculationPage.swift */ = {isa = PBXFileReference; lastKnownFileType = sourcecode.swift; path = CalculationPage.swift; sourceTree = "<group>"; };
		E9E3B38F2AF13722000B258B /* CalculationProtocol.swift */ = {isa = PBXFileReference; lastKnownFileType = sourcecode.swift; path = CalculationProtocol.swift; sourceTree = "<group>"; };
		E9FACA3D2B12DA3900D7B367 /* PrimeFactors.swift */ = {isa = PBXFileReference; lastKnownFileType = sourcecode.swift; path = PrimeFactors.swift; sourceTree = "<group>"; };
		E9FACA3F2B12DAB200D7B367 /* PrimeFactorsVM.swift */ = {isa = PBXFileReference; lastKnownFileType = sourcecode.swift; path = PrimeFactorsVM.swift; sourceTree = "<group>"; };
		E9FACA412B12DE0D00D7B367 /* PrimeFactorsPage.swift */ = {isa = PBXFileReference; lastKnownFileType = sourcecode.swift; path = PrimeFactorsPage.swift; sourceTree = "<group>"; };
		E9FACA432B1319D800D7B367 /* CalculationPage2.swift */ = {isa = PBXFileReference; lastKnownFileType = sourcecode.swift; path = CalculationPage2.swift; sourceTree = "<group>"; };
		E9FACA452B1336C300D7B367 /* Phi.swift */ = {isa = PBXFileReference; lastKnownFileType = sourcecode.swift; path = Phi.swift; sourceTree = "<group>"; };
		E9FACA472B13378D00D7B367 /* PhiVM.swift */ = {isa = PBXFileReference; lastKnownFileType = sourcecode.swift; path = PhiVM.swift; sourceTree = "<group>"; };
		E9FACA492B13390B00D7B367 /* IsPrime.swift */ = {isa = PBXFileReference; lastKnownFileType = sourcecode.swift; path = IsPrime.swift; sourceTree = "<group>"; };
		E9FACA4B2B133B7E00D7B367 /* PhiPage.swift */ = {isa = PBXFileReference; lastKnownFileType = sourcecode.swift; path = PhiPage.swift; sourceTree = "<group>"; };
		E9FACA4D2B1341C300D7B367 /* PolynomialEquation.swift */ = {isa = PBXFileReference; lastKnownFileType = sourcecode.swift; path = PolynomialEquation.swift; sourceTree = "<group>"; };
		E9FACA4F2B13420F00D7B367 /* PolynomialEquationVM.swift */ = {isa = PBXFileReference; lastKnownFileType = sourcecode.swift; path = PolynomialEquationVM.swift; sourceTree = "<group>"; };
		E9FACA512B13468400D7B367 /* PolynomialEquationPage.swift */ = {isa = PBXFileReference; lastKnownFileType = sourcecode.swift; path = PolynomialEquationPage.swift; sourceTree = "<group>"; };
		E9FACA542B1351DD00D7B367 /* HasDuplicates.swift */ = {isa = PBXFileReference; lastKnownFileType = sourcecode.swift; path = HasDuplicates.swift; sourceTree = "<group>"; };
		E9FACA562B13537200D7B367 /* OppositeKey.swift */ = {isa = PBXFileReference; lastKnownFileType = sourcecode.swift; path = OppositeKey.swift; sourceTree = "<group>"; };
		E9FACA582B1353B700D7B367 /* OppositeKeyVM.swift */ = {isa = PBXFileReference; lastKnownFileType = sourcecode.swift; path = OppositeKeyVM.swift; sourceTree = "<group>"; };
		E9FACA5A2B1354F400D7B367 /* OppositeKeyPage.swift */ = {isa = PBXFileReference; lastKnownFileType = sourcecode.swift; path = OppositeKeyPage.swift; sourceTree = "<group>"; };
		E9FACA5C2B13BC7200D7B367 /* RSA.swift */ = {isa = PBXFileReference; lastKnownFileType = sourcecode.swift; path = RSA.swift; sourceTree = "<group>"; };
		E9FACA5E2B13BCC300D7B367 /* RSAVM.swift */ = {isa = PBXFileReference; lastKnownFileType = sourcecode.swift; path = RSAVM.swift; sourceTree = "<group>"; };
		E9FACA602B13C68700D7B367 /* RSAPage.swift */ = {isa = PBXFileReference; lastKnownFileType = sourcecode.swift; path = RSAPage.swift; sourceTree = "<group>"; };
		E9FACA622B13C84B00D7B367 /* InformationCell.swift */ = {isa = PBXFileReference; lastKnownFileType = sourcecode.swift; path = InformationCell.swift; sourceTree = "<group>"; };
		E9FACA642B13CCC000D7B367 /* RSASignature.swift */ = {isa = PBXFileReference; lastKnownFileType = sourcecode.swift; path = RSASignature.swift; sourceTree = "<group>"; };
		E9FACA662B13CD8500D7B367 /* RSASignatureVM.swift */ = {isa = PBXFileReference; lastKnownFileType = sourcecode.swift; path = RSASignatureVM.swift; sourceTree = "<group>"; };
		E9FACA682B13D30500D7B367 /* RSASignaturePage.swift */ = {isa = PBXFileReference; lastKnownFileType = sourcecode.swift; path = RSASignaturePage.swift; sourceTree = "<group>"; };
/* End PBXFileReference section */

/* Begin PBXFrameworksBuildPhase section */
		E9CA11272AF070F50077BBAC /* Frameworks */ = {
			isa = PBXFrameworksBuildPhase;
			buildActionMask = 2147483647;
			files = (
				E91160082B01559A002F1032 /* LaTeXSwiftUI in Frameworks */,
				E9ACB7DA2B3303C90087439A /* CIUAisen in Frameworks */,
			);
			runOnlyForDeploymentPostprocessing = 0;
		};
		E9CA113A2AF070F70077BBAC /* Frameworks */ = {
			isa = PBXFrameworksBuildPhase;
			buildActionMask = 2147483647;
			files = (
			);
			runOnlyForDeploymentPostprocessing = 0;
		};
		E9CA11442AF070F70077BBAC /* Frameworks */ = {
			isa = PBXFrameworksBuildPhase;
			buildActionMask = 2147483647;
			files = (
			);
			runOnlyForDeploymentPostprocessing = 0;
		};
/* End PBXFrameworksBuildPhase section */

/* Begin PBXGroup section */
		E90D16C02B0D51CD003996E6 /* ViewModel */ = {
			isa = PBXGroup;
			children = (
				E90D16E22B1011AA003996E6 /* Chapitre 1 */,
				E9FACA3B2B12D9B700D7B367 /* Chapitre 3 */,
				E9438F8D2AFAC03000497480 /* PageInfo.swift */,
				E90D16ED2B114188003996E6 /* LettersPreset.swift */,
			);
			path = ViewModel;
			sourceTree = "<group>";
		};
		E90D16D82B0E418A003996E6 /* Ressources */ = {
			isa = PBXGroup;
			children = (
				E90D16DD2B0E41F8003996E6 /* Localizable.strings */,
			);
			path = Ressources;
			sourceTree = "<group>";
		};
		E90D16E12B10119A003996E6 /* Chapitre 1 */ = {
			isa = PBXGroup;
			children = (
				E91160042B0134D6002F1032 /* EuclidAlgoPage.swift */,
				E9972FEE2B03C716004A6553 /* ExtendedEuclidAlgoPage.swift */,
				E9972FF22B051950004A6553 /* ModuloPage.swift */,
				E9972FF42B051A78004A6553 /* CongruencePage.swift */,
				E9972FF62B051B0D004A6553 /* EquivalenceClassPage.swift */,
				E9972FF82B051B88004A6553 /* AdditionInZPage.swift */,
				E9CE4DDB2B052FDB007FD6AB /* MultiplicationInZPage.swift */,
				E9CE4DDD2B05460D007FD6AB /* InvertiblesInZPage.swift */,
				E9CE4DDF2B054660007FD6AB /* LinearEquationInZPage.swift */,
				E9CE4DE12B054674007FD6AB /* InverseInZPage.swift */,
			);
			path = "Chapitre 1";
			sourceTree = "<group>";
		};
		E90D16E22B1011AA003996E6 /* Chapitre 1 */ = {
			isa = PBXGroup;
			children = (
				E90D16CE2B0D6662003996E6 /* AdditionInZVM.swift */,
				E90D16C72B0D5DB0003996E6 /* CongruenceVM.swift */,
				E90D16C12B0D5212003996E6 /* EuclidAlgoVM.swift */,
				E90D16CC2B0D6402003996E6 /* EquivalenceClassVM.swift */,
				E90D16C32B0D552F003996E6 /* ExtendedEuclidAlgoVM.swift */,
				E90D16D62B0D80F0003996E6 /* InverseInZVM.swift */,
				E90D16D22B0D690E003996E6 /* InvertiblesInZVM.swift */,
				E90D16D42B0D6C6E003996E6 /* LinearEquationInZVM.swift */,
				E90D16C52B0D5ABC003996E6 /* ModuloVM.swift */,
				E90D16D02B0D67F5003996E6 /* MultiplicationInZVM.swift */,
			);
			path = "Chapitre 1";
			sourceTree = "<group>";
		};
		E90D16E32B1011B7003996E6 /* Chapitre 1 */ = {
			isa = PBXGroup;
			children = (
				E95C88252AFC4CD000B51A38 /* AdditionInZ.swift */,
				E90FFB132AF1771F00E1DE47 /* Congruence.swift */,
				E95C882B2AFD7A2900B51A38 /* LinearEquationInZ.swift */,
				E95C88232AFC1D1500B51A38 /* EquivalenceClass.swift */,
				E9CA115B2AF072580077BBAC /* EuclidAlgo.swift */,
				E9CA115D2AF072730077BBAC /* ExtendedEuclidAlgo.swift */,
				E95C882D2AFD8AC600B51A38 /* InverseInZ.swift */,
				E95C88292AFD60DB00B51A38 /* InvertiblesInZ.swift */,
				E9E3B3882AF0B72E000B258B /* Modulo.swift */,
				E95C88272AFC525E00B51A38 /* MultiplicationInZ.swift */,
			);
			path = "Chapitre 1";
			sourceTree = "<group>";
		};
		E90D16E82B113BC5003996E6 /* Alphabet Selector */ = {
			isa = PBXGroup;
			children = (
				E90D16E42B1011FA003996E6 /* AlphabetSelectorView.swift */,
				E90D16EB2B113C69003996E6 /* AlphabetSelectorSection.swift */,
				E90D16E62B113B98003996E6 /* AlphabetSelectorCell.swift */,
			);
			path = "Alphabet Selector";
			sourceTree = "<group>";
		};
		E91160032B0134B9002F1032 /* Pages */ = {
			isa = PBXGroup;
			children = (
				E90D16E12B10119A003996E6 /* Chapitre 1 */,
				E9FACA3C2B12D9C000D7B367 /* Chapitre 3 */,
				E90D16E82B113BC5003996E6 /* Alphabet Selector */,
			);
			path = Pages;
			sourceTree = "<group>";
		};
		E9CA11212AF070F50077BBAC = {
			isa = PBXGroup;
			children = (
				E9CA112C2AF070F50077BBAC /* Algo Crypto */,
				E9CA11402AF070F70077BBAC /* Algo CryptoTests */,
				E9CA114A2AF070F70077BBAC /* Algo CryptoUITests */,
				E9CA112B2AF070F50077BBAC /* Products */,
			);
			sourceTree = "<group>";
		};
		E9CA112B2AF070F50077BBAC /* Products */ = {
			isa = PBXGroup;
			children = (
				E9CA112A2AF070F50077BBAC /* Algo Crypto.app */,
				E9CA113D2AF070F70077BBAC /* Algo CryptoTests.xctest */,
				E9CA11472AF070F70077BBAC /* Algo CryptoUITests.xctest */,
			);
			name = Products;
			sourceTree = "<group>";
		};
		E9CA112C2AF070F50077BBAC /* Algo Crypto */ = {
			isa = PBXGroup;
			children = (
				E9CA112D2AF070F50077BBAC /* Algo_CryptoApp.swift */,
				E9CA115F2AF072A20077BBAC /* View */,
				E90D16C02B0D51CD003996E6 /* ViewModel */,
				E9CA115A2AF0724D0077BBAC /* Model */,
				E9E3B38E2AF1370F000B258B /* Protocols */,
				E90D16D82B0E418A003996E6 /* Ressources */,
				E9FACA532B1351A500D7B367 /* Extensions */,
				E9CA11332AF070F70077BBAC /* Assets.xcassets */,
				E9CA11382AF070F70077BBAC /* Algo_Crypto.entitlements */,
				E9CA11352AF070F70077BBAC /* Preview Content */,
			);
			path = "Algo Crypto";
			sourceTree = "<group>";
		};
		E9CA11352AF070F70077BBAC /* Preview Content */ = {
			isa = PBXGroup;
			children = (
				E9CA11362AF070F70077BBAC /* Preview Assets.xcassets */,
			);
			path = "Preview Content";
			sourceTree = "<group>";
		};
		E9CA11402AF070F70077BBAC /* Algo CryptoTests */ = {
			isa = PBXGroup;
			children = (
				E9CA11412AF070F70077BBAC /* Algo_CryptoTests.swift */,
			);
			path = "Algo CryptoTests";
			sourceTree = "<group>";
		};
		E9CA114A2AF070F70077BBAC /* Algo CryptoUITests */ = {
			isa = PBXGroup;
			children = (
				E9CA114B2AF070F70077BBAC /* Algo_CryptoUITests.swift */,
				E9CA114D2AF070F70077BBAC /* Algo_CryptoUITestsLaunchTests.swift */,
			);
			path = "Algo CryptoUITests";
			sourceTree = "<group>";
		};
		E9CA115A2AF0724D0077BBAC /* Model */ = {
			isa = PBXGroup;
			children = (
				E90D16E32B1011B7003996E6 /* Chapitre 1 */,
				E9FACA3A2B12D9AD00D7B367 /* Chapitre 3 */,
				E90D16E92B113C09003996E6 /* Letter.swift */,
			);
			path = Model;
			sourceTree = "<group>";
		};
		E9CA115F2AF072A20077BBAC /* View */ = {
			isa = PBXGroup;
			children = (
				E9CA112F2AF070F50077BBAC /* ContentView.swift */,
				E91160032B0134B9002F1032 /* Pages */,
				E9CA11602AF072A80077BBAC /* Composants */,
			);
			path = View;
			sourceTree = "<group>";
		};
		E9CA11602AF072A80077BBAC /* Composants */ = {
			isa = PBXGroup;
			children = (
				E9CA11632AF072DA0077BBAC /* ACButton.swift */,
				E98DF8C12B086683002174B2 /* ACNavigationView.swift */,
				E9E3B38C2AF134DD000B258B /* CalculationPage.swift */,
				E9FACA432B1319D800D7B367 /* CalculationPage2.swift */,
				E9CA11612AF072BA0077BBAC /* EdgeBorder.swift */,
				E9FACA622B13C84B00D7B367 /* InformationCell.swift */,
				E9CA11652AF073220077BBAC /* NumberField.swift */,
				E95E38482B06B3B1003DE8B1 /* RoundedBorder.swift */,
				E98DF8C72B0A90F7002174B2 /* SavedItemCell.swift */,
				E9972FF02B03C8F6004A6553 /* SolutionCell.swift */,
				E9CA11672AF0736D0077BBAC /* SolutionSection.swift */,
			);
			path = Composants;
			sourceTree = "<group>";
		};
		E9E3B38E2AF1370F000B258B /* Protocols */ = {
			isa = PBXGroup;
			children = (
				E9E3B38F2AF13722000B258B /* CalculationProtocol.swift */,
				E90D16BE2B0D51B3003996E6 /* CalculationVMProtocol.swift */,
			);
			path = Protocols;
			sourceTree = "<group>";
		};
		E9FACA3A2B12D9AD00D7B367 /* Chapitre 3 */ = {
			isa = PBXGroup;
			children = (
				E9FACA3D2B12DA3900D7B367 /* PrimeFactors.swift */,
				E9FACA452B1336C300D7B367 /* Phi.swift */,
				E9FACA4D2B1341C300D7B367 /* PolynomialEquation.swift */,
				E9FACA562B13537200D7B367 /* OppositeKey.swift */,
				E9FACA5C2B13BC7200D7B367 /* RSA.swift */,
				E9FACA642B13CCC000D7B367 /* RSASignature.swift */,
			);
			path = "Chapitre 3";
			sourceTree = "<group>";
		};
		E9FACA3B2B12D9B700D7B367 /* Chapitre 3 */ = {
			isa = PBXGroup;
			children = (
				E9FACA3F2B12DAB200D7B367 /* PrimeFactorsVM.swift */,
				E9FACA472B13378D00D7B367 /* PhiVM.swift */,
				E9FACA4F2B13420F00D7B367 /* PolynomialEquationVM.swift */,
				E9FACA582B1353B700D7B367 /* OppositeKeyVM.swift */,
				E9FACA5E2B13BCC300D7B367 /* RSAVM.swift */,
				E9FACA662B13CD8500D7B367 /* RSASignatureVM.swift */,
			);
			path = "Chapitre 3";
			sourceTree = "<group>";
		};
		E9FACA3C2B12D9C000D7B367 /* Chapitre 3 */ = {
			isa = PBXGroup;
			children = (
				E9FACA412B12DE0D00D7B367 /* PrimeFactorsPage.swift */,
				E9FACA4B2B133B7E00D7B367 /* PhiPage.swift */,
				E9FACA512B13468400D7B367 /* PolynomialEquationPage.swift */,
				E9FACA5A2B1354F400D7B367 /* OppositeKeyPage.swift */,
				E9FACA602B13C68700D7B367 /* RSAPage.swift */,
				E9FACA682B13D30500D7B367 /* RSASignaturePage.swift */,
			);
			path = "Chapitre 3";
			sourceTree = "<group>";
		};
		E9FACA532B1351A500D7B367 /* Extensions */ = {
			isa = PBXGroup;
			children = (
				E9FACA492B13390B00D7B367 /* IsPrime.swift */,
				E90D16DF2B0E55CF003996E6 /* Localized.swift */,
				E90D16CA2B0D6264003996E6 /* Power.swift */,
				E9FACA542B1351DD00D7B367 /* HasDuplicates.swift */,
			);
			path = Extensions;
			sourceTree = "<group>";
		};
/* End PBXGroup section */

/* Begin PBXNativeTarget section */
		E9CA11292AF070F50077BBAC /* Algo Crypto */ = {
			isa = PBXNativeTarget;
			buildConfigurationList = E9CA11512AF070F70077BBAC /* Build configuration list for PBXNativeTarget "Algo Crypto" */;
			buildPhases = (
				E9CA11262AF070F50077BBAC /* Sources */,
				E9CA11272AF070F50077BBAC /* Frameworks */,
				E9CA11282AF070F50077BBAC /* Resources */,
			);
			buildRules = (
			);
			dependencies = (
			);
			name = "Algo Crypto";
			packageProductDependencies = (
				E91160072B01559A002F1032 /* LaTeXSwiftUI */,
				E9ACB7D92B3303C90087439A /* CIUAisen */,
			);
			productName = "Algo Crypto";
			productReference = E9CA112A2AF070F50077BBAC /* Algo Crypto.app */;
			productType = "com.apple.product-type.application";
		};
		E9CA113C2AF070F70077BBAC /* Algo CryptoTests */ = {
			isa = PBXNativeTarget;
			buildConfigurationList = E9CA11542AF070F70077BBAC /* Build configuration list for PBXNativeTarget "Algo CryptoTests" */;
			buildPhases = (
				E9CA11392AF070F70077BBAC /* Sources */,
				E9CA113A2AF070F70077BBAC /* Frameworks */,
				E9CA113B2AF070F70077BBAC /* Resources */,
			);
			buildRules = (
			);
			dependencies = (
				E9CA113F2AF070F70077BBAC /* PBXTargetDependency */,
			);
			name = "Algo CryptoTests";
			productName = "Algo CryptoTests";
			productReference = E9CA113D2AF070F70077BBAC /* Algo CryptoTests.xctest */;
			productType = "com.apple.product-type.bundle.unit-test";
		};
		E9CA11462AF070F70077BBAC /* Algo CryptoUITests */ = {
			isa = PBXNativeTarget;
			buildConfigurationList = E9CA11572AF070F70077BBAC /* Build configuration list for PBXNativeTarget "Algo CryptoUITests" */;
			buildPhases = (
				E9CA11432AF070F70077BBAC /* Sources */,
				E9CA11442AF070F70077BBAC /* Frameworks */,
				E9CA11452AF070F70077BBAC /* Resources */,
			);
			buildRules = (
			);
			dependencies = (
				E9CA11492AF070F70077BBAC /* PBXTargetDependency */,
			);
			name = "Algo CryptoUITests";
			productName = "Algo CryptoUITests";
			productReference = E9CA11472AF070F70077BBAC /* Algo CryptoUITests.xctest */;
			productType = "com.apple.product-type.bundle.ui-testing";
		};
/* End PBXNativeTarget section */

/* Begin PBXProject section */
		E9CA11222AF070F50077BBAC /* Project object */ = {
			isa = PBXProject;
			attributes = {
				BuildIndependentTargetsInParallel = 1;
				LastSwiftUpdateCheck = 1500;
				LastUpgradeCheck = 1500;
				TargetAttributes = {
					E9CA11292AF070F50077BBAC = {
						CreatedOnToolsVersion = 15.0;
					};
					E9CA113C2AF070F70077BBAC = {
						CreatedOnToolsVersion = 15.0;
						TestTargetID = E9CA11292AF070F50077BBAC;
					};
					E9CA11462AF070F70077BBAC = {
						CreatedOnToolsVersion = 15.0;
						TestTargetID = E9CA11292AF070F50077BBAC;
					};
				};
			};
			buildConfigurationList = E9CA11252AF070F50077BBAC /* Build configuration list for PBXProject "Algo Crypto" */;
			compatibilityVersion = "Xcode 14.0";
			developmentRegion = fr;
			hasScannedForEncodings = 0;
			knownRegions = (
				en,
				Base,
				fr,
			);
			mainGroup = E9CA11212AF070F50077BBAC;
			packageReferences = (
				E91160062B01559A002F1032 /* XCRemoteSwiftPackageReference "LaTeXSwiftUI" */,
				E9ACB7D82B3303C90087439A /* XCRemoteSwiftPackageReference "CIUAisen" */,
			);
			productRefGroup = E9CA112B2AF070F50077BBAC /* Products */;
			projectDirPath = "";
			projectRoot = "";
			targets = (
				E9CA11292AF070F50077BBAC /* Algo Crypto */,
				E9CA113C2AF070F70077BBAC /* Algo CryptoTests */,
				E9CA11462AF070F70077BBAC /* Algo CryptoUITests */,
			);
		};
/* End PBXProject section */

/* Begin PBXResourcesBuildPhase section */
		E9CA11282AF070F50077BBAC /* Resources */ = {
			isa = PBXResourcesBuildPhase;
			buildActionMask = 2147483647;
			files = (
				E9CA11372AF070F70077BBAC /* Preview Assets.xcassets in Resources */,
				E90D16DB2B0E41F8003996E6 /* Localizable.strings in Resources */,
				E9CA11342AF070F70077BBAC /* Assets.xcassets in Resources */,
			);
			runOnlyForDeploymentPostprocessing = 0;
		};
		E9CA113B2AF070F70077BBAC /* Resources */ = {
			isa = PBXResourcesBuildPhase;
			buildActionMask = 2147483647;
			files = (
			);
			runOnlyForDeploymentPostprocessing = 0;
		};
		E9CA11452AF070F70077BBAC /* Resources */ = {
			isa = PBXResourcesBuildPhase;
			buildActionMask = 2147483647;
			files = (
			);
			runOnlyForDeploymentPostprocessing = 0;
		};
/* End PBXResourcesBuildPhase section */

/* Begin PBXSourcesBuildPhase section */
		E9CA11262AF070F50077BBAC /* Sources */ = {
			isa = PBXSourcesBuildPhase;
			buildActionMask = 2147483647;
			files = (
				E98DF8C22B086683002174B2 /* ACNavigationView.swift in Sources */,
				E9438F8E2AFAC03000497480 /* PageInfo.swift in Sources */,
				E9CE4DDC2B052FDB007FD6AB /* MultiplicationInZPage.swift in Sources */,
				E9FACA552B1351DD00D7B367 /* HasDuplicates.swift in Sources */,
				E9CA115C2AF072580077BBAC /* EuclidAlgo.swift in Sources */,
				E90D16CB2B0D6264003996E6 /* Power.swift in Sources */,
				E9972FF72B051B0D004A6553 /* EquivalenceClassPage.swift in Sources */,
				E90D16C82B0D5DB0003996E6 /* CongruenceVM.swift in Sources */,
				E9FACA4A2B13390B00D7B367 /* IsPrime.swift in Sources */,
				E90D16EA2B113C09003996E6 /* Letter.swift in Sources */,
				E95C88262AFC4CD000B51A38 /* AdditionInZ.swift in Sources */,
				E90D16D72B0D80F0003996E6 /* InverseInZVM.swift in Sources */,
				E98DF8C82B0A90F7002174B2 /* SavedItemCell.swift in Sources */,
				E9FACA422B12DE0D00D7B367 /* PrimeFactorsPage.swift in Sources */,
				E9E3B3902AF13722000B258B /* CalculationProtocol.swift in Sources */,
				E9FACA462B1336C300D7B367 /* Phi.swift in Sources */,
				E9FACA632B13C84B00D7B367 /* InformationCell.swift in Sources */,
				E9FACA442B1319D800D7B367 /* CalculationPage2.swift in Sources */,
				E9CE4DDE2B05460D007FD6AB /* InvertiblesInZPage.swift in Sources */,
				E95C882A2AFD60DB00B51A38 /* InvertiblesInZ.swift in Sources */,
				E90D16D12B0D67F5003996E6 /* MultiplicationInZVM.swift in Sources */,
				E90D16C42B0D552F003996E6 /* ExtendedEuclidAlgoVM.swift in Sources */,
				E95C882E2AFD8AC600B51A38 /* InverseInZ.swift in Sources */,
				E9972FF32B051950004A6553 /* ModuloPage.swift in Sources */,
				E9FACA5F2B13BCC300D7B367 /* RSAVM.swift in Sources */,
				E9CA11682AF0736D0077BBAC /* SolutionSection.swift in Sources */,
				E90D16EC2B113C69003996E6 /* AlphabetSelectorSection.swift in Sources */,
				E9FACA5D2B13BC7200D7B367 /* RSA.swift in Sources */,
				E90D16E52B1011FA003996E6 /* AlphabetSelectorView.swift in Sources */,
				E90D16C62B0D5ABC003996E6 /* ModuloVM.swift in Sources */,
				E9FACA3E2B12DA3900D7B367 /* PrimeFactors.swift in Sources */,
				E9CA11662AF073220077BBAC /* NumberField.swift in Sources */,
				E95C88242AFC1D1500B51A38 /* EquivalenceClass.swift in Sources */,
				E90D16E02B0E55CF003996E6 /* Localized.swift in Sources */,
				E9FACA672B13CD8500D7B367 /* RSASignatureVM.swift in Sources */,
				E90D16E72B113B98003996E6 /* AlphabetSelectorCell.swift in Sources */,
				E9FACA502B13420F00D7B367 /* PolynomialEquationVM.swift in Sources */,
				E95C88282AFC525E00B51A38 /* MultiplicationInZ.swift in Sources */,
				E9FACA592B1353B700D7B367 /* OppositeKeyVM.swift in Sources */,
				E9FACA652B13CCC000D7B367 /* RSASignature.swift in Sources */,
				E9972FF52B051A78004A6553 /* CongruencePage.swift in Sources */,
				E95E38492B06B3B1003DE8B1 /* RoundedBorder.swift in Sources */,
				E9FACA692B13D30500D7B367 /* RSASignaturePage.swift in Sources */,
				E90D16CF2B0D6662003996E6 /* AdditionInZVM.swift in Sources */,
				E9CA11302AF070F50077BBAC /* ContentView.swift in Sources */,
				E9E3B3892AF0B72E000B258B /* Modulo.swift in Sources */,
				E9FACA4E2B1341C300D7B367 /* PolynomialEquation.swift in Sources */,
				E9FACA572B13537200D7B367 /* OppositeKey.swift in Sources */,
				E9CA11642AF072DA0077BBAC /* ACButton.swift in Sources */,
				E95C882C2AFD7A2900B51A38 /* LinearEquationInZ.swift in Sources */,
				E90D16EE2B114188003996E6 /* LettersPreset.swift in Sources */,
				E90D16BF2B0D51B3003996E6 /* CalculationVMProtocol.swift in Sources */,
				E9CE4DE02B054660007FD6AB /* LinearEquationInZPage.swift in Sources */,
				E9972FEF2B03C716004A6553 /* ExtendedEuclidAlgoPage.swift in Sources */,
				E9CA112E2AF070F50077BBAC /* Algo_CryptoApp.swift in Sources */,
				E9FACA612B13C68700D7B367 /* RSAPage.swift in Sources */,
				E91160052B0134D6002F1032 /* EuclidAlgoPage.swift in Sources */,
				E9CE4DE22B054674007FD6AB /* InverseInZPage.swift in Sources */,
				E90FFB142AF1771F00E1DE47 /* Congruence.swift in Sources */,
				E90D16D32B0D690E003996E6 /* InvertiblesInZVM.swift in Sources */,
				E9FACA522B13468400D7B367 /* PolynomialEquationPage.swift in Sources */,
				E9972FF12B03C8F6004A6553 /* SolutionCell.swift in Sources */,
				E9FACA5B2B1354F400D7B367 /* OppositeKeyPage.swift in Sources */,
				E9FACA4C2B133B7E00D7B367 /* PhiPage.swift in Sources */,
				E9FACA482B13378D00D7B367 /* PhiVM.swift in Sources */,
				E9972FF92B051B88004A6553 /* AdditionInZPage.swift in Sources */,
				E9FACA402B12DAB200D7B367 /* PrimeFactorsVM.swift in Sources */,
				E9E3B38D2AF134DD000B258B /* CalculationPage.swift in Sources */,
				E9CA11622AF072BA0077BBAC /* EdgeBorder.swift in Sources */,
				E9CA115E2AF072730077BBAC /* ExtendedEuclidAlgo.swift in Sources */,
				E90D16D52B0D6C6E003996E6 /* LinearEquationInZVM.swift in Sources */,
				E90D16CD2B0D6402003996E6 /* EquivalenceClassVM.swift in Sources */,
				E90D16C22B0D5212003996E6 /* EuclidAlgoVM.swift in Sources */,
			);
			runOnlyForDeploymentPostprocessing = 0;
		};
		E9CA11392AF070F70077BBAC /* Sources */ = {
			isa = PBXSourcesBuildPhase;
			buildActionMask = 2147483647;
			files = (
				E9CA11422AF070F70077BBAC /* Algo_CryptoTests.swift in Sources */,
			);
			runOnlyForDeploymentPostprocessing = 0;
		};
		E9CA11432AF070F70077BBAC /* Sources */ = {
			isa = PBXSourcesBuildPhase;
			buildActionMask = 2147483647;
			files = (
				E9CA114E2AF070F70077BBAC /* Algo_CryptoUITestsLaunchTests.swift in Sources */,
				E9CA114C2AF070F70077BBAC /* Algo_CryptoUITests.swift in Sources */,
			);
			runOnlyForDeploymentPostprocessing = 0;
		};
/* End PBXSourcesBuildPhase section */

/* Begin PBXTargetDependency section */
		E9CA113F2AF070F70077BBAC /* PBXTargetDependency */ = {
			isa = PBXTargetDependency;
			target = E9CA11292AF070F50077BBAC /* Algo Crypto */;
			targetProxy = E9CA113E2AF070F70077BBAC /* PBXContainerItemProxy */;
		};
		E9CA11492AF070F70077BBAC /* PBXTargetDependency */ = {
			isa = PBXTargetDependency;
			target = E9CA11292AF070F50077BBAC /* Algo Crypto */;
			targetProxy = E9CA11482AF070F70077BBAC /* PBXContainerItemProxy */;
		};
/* End PBXTargetDependency section */

/* Begin PBXVariantGroup section */
		E90D16DD2B0E41F8003996E6 /* Localizable.strings */ = {
			isa = PBXVariantGroup;
			children = (
				E90D16DC2B0E41F8003996E6 /* fr */,
				E90D16DE2B0E41FA003996E6 /* en */,
			);
			name = Localizable.strings;
			sourceTree = "<group>";
		};
/* End PBXVariantGroup section */

/* Begin XCBuildConfiguration section */
		E9CA114F2AF070F70077BBAC /* Debug */ = {
			isa = XCBuildConfiguration;
			buildSettings = {
				ALWAYS_SEARCH_USER_PATHS = NO;
				ASSETCATALOG_COMPILER_GENERATE_SWIFT_ASSET_SYMBOL_EXTENSIONS = YES;
				CLANG_ANALYZER_NONNULL = YES;
				CLANG_ANALYZER_NUMBER_OBJECT_CONVERSION = YES_AGGRESSIVE;
				CLANG_CXX_LANGUAGE_STANDARD = "gnu++20";
				CLANG_ENABLE_MODULES = YES;
				CLANG_ENABLE_OBJC_ARC = YES;
				CLANG_ENABLE_OBJC_WEAK = YES;
				CLANG_WARN_BLOCK_CAPTURE_AUTORELEASING = YES;
				CLANG_WARN_BOOL_CONVERSION = YES;
				CLANG_WARN_COMMA = YES;
				CLANG_WARN_CONSTANT_CONVERSION = YES;
				CLANG_WARN_DEPRECATED_OBJC_IMPLEMENTATIONS = YES;
				CLANG_WARN_DIRECT_OBJC_ISA_USAGE = YES_ERROR;
				CLANG_WARN_DOCUMENTATION_COMMENTS = YES;
				CLANG_WARN_EMPTY_BODY = YES;
				CLANG_WARN_ENUM_CONVERSION = YES;
				CLANG_WARN_INFINITE_RECURSION = YES;
				CLANG_WARN_INT_CONVERSION = YES;
				CLANG_WARN_NON_LITERAL_NULL_CONVERSION = YES;
				CLANG_WARN_OBJC_IMPLICIT_RETAIN_SELF = YES;
				CLANG_WARN_OBJC_LITERAL_CONVERSION = YES;
				CLANG_WARN_OBJC_ROOT_CLASS = YES_ERROR;
				CLANG_WARN_QUOTED_INCLUDE_IN_FRAMEWORK_HEADER = YES;
				CLANG_WARN_RANGE_LOOP_ANALYSIS = YES;
				CLANG_WARN_STRICT_PROTOTYPES = YES;
				CLANG_WARN_SUSPICIOUS_MOVE = YES;
				CLANG_WARN_UNGUARDED_AVAILABILITY = YES_AGGRESSIVE;
				CLANG_WARN_UNREACHABLE_CODE = YES;
				CLANG_WARN__DUPLICATE_METHOD_MATCH = YES;
				COPY_PHASE_STRIP = NO;
				DEBUG_INFORMATION_FORMAT = dwarf;
				ENABLE_STRICT_OBJC_MSGSEND = YES;
				ENABLE_TESTABILITY = YES;
				ENABLE_USER_SCRIPT_SANDBOXING = YES;
				GCC_C_LANGUAGE_STANDARD = gnu17;
				GCC_DYNAMIC_NO_PIC = NO;
				GCC_NO_COMMON_BLOCKS = YES;
				GCC_OPTIMIZATION_LEVEL = 0;
				GCC_PREPROCESSOR_DEFINITIONS = (
					"DEBUG=1",
					"$(inherited)",
				);
				GCC_WARN_64_TO_32_BIT_CONVERSION = YES;
				GCC_WARN_ABOUT_RETURN_TYPE = YES_ERROR;
				GCC_WARN_UNDECLARED_SELECTOR = YES;
				GCC_WARN_UNINITIALIZED_AUTOS = YES_AGGRESSIVE;
				GCC_WARN_UNUSED_FUNCTION = YES;
				GCC_WARN_UNUSED_VARIABLE = YES;
				IPHONEOS_DEPLOYMENT_TARGET = 17.0;
				LOCALIZATION_PREFERS_STRING_CATALOGS = YES;
				MACOSX_DEPLOYMENT_TARGET = 14.0;
				MTL_ENABLE_DEBUG_INFO = INCLUDE_SOURCE;
				MTL_FAST_MATH = YES;
				ONLY_ACTIVE_ARCH = YES;
				SDKROOT = iphoneos;
				SWIFT_ACTIVE_COMPILATION_CONDITIONS = "DEBUG $(inherited)";
				SWIFT_OPTIMIZATION_LEVEL = "-Onone";
			};
			name = Debug;
		};
		E9CA11502AF070F70077BBAC /* Release */ = {
			isa = XCBuildConfiguration;
			buildSettings = {
				ALWAYS_SEARCH_USER_PATHS = NO;
				ASSETCATALOG_COMPILER_GENERATE_SWIFT_ASSET_SYMBOL_EXTENSIONS = YES;
				CLANG_ANALYZER_NONNULL = YES;
				CLANG_ANALYZER_NUMBER_OBJECT_CONVERSION = YES_AGGRESSIVE;
				CLANG_CXX_LANGUAGE_STANDARD = "gnu++20";
				CLANG_ENABLE_MODULES = YES;
				CLANG_ENABLE_OBJC_ARC = YES;
				CLANG_ENABLE_OBJC_WEAK = YES;
				CLANG_WARN_BLOCK_CAPTURE_AUTORELEASING = YES;
				CLANG_WARN_BOOL_CONVERSION = YES;
				CLANG_WARN_COMMA = YES;
				CLANG_WARN_CONSTANT_CONVERSION = YES;
				CLANG_WARN_DEPRECATED_OBJC_IMPLEMENTATIONS = YES;
				CLANG_WARN_DIRECT_OBJC_ISA_USAGE = YES_ERROR;
				CLANG_WARN_DOCUMENTATION_COMMENTS = YES;
				CLANG_WARN_EMPTY_BODY = YES;
				CLANG_WARN_ENUM_CONVERSION = YES;
				CLANG_WARN_INFINITE_RECURSION = YES;
				CLANG_WARN_INT_CONVERSION = YES;
				CLANG_WARN_NON_LITERAL_NULL_CONVERSION = YES;
				CLANG_WARN_OBJC_IMPLICIT_RETAIN_SELF = YES;
				CLANG_WARN_OBJC_LITERAL_CONVERSION = YES;
				CLANG_WARN_OBJC_ROOT_CLASS = YES_ERROR;
				CLANG_WARN_QUOTED_INCLUDE_IN_FRAMEWORK_HEADER = YES;
				CLANG_WARN_RANGE_LOOP_ANALYSIS = YES;
				CLANG_WARN_STRICT_PROTOTYPES = YES;
				CLANG_WARN_SUSPICIOUS_MOVE = YES;
				CLANG_WARN_UNGUARDED_AVAILABILITY = YES_AGGRESSIVE;
				CLANG_WARN_UNREACHABLE_CODE = YES;
				CLANG_WARN__DUPLICATE_METHOD_MATCH = YES;
				COPY_PHASE_STRIP = NO;
				DEBUG_INFORMATION_FORMAT = "dwarf-with-dsym";
				ENABLE_NS_ASSERTIONS = NO;
				ENABLE_STRICT_OBJC_MSGSEND = YES;
				ENABLE_USER_SCRIPT_SANDBOXING = YES;
				GCC_C_LANGUAGE_STANDARD = gnu17;
				GCC_NO_COMMON_BLOCKS = YES;
				GCC_WARN_64_TO_32_BIT_CONVERSION = YES;
				GCC_WARN_ABOUT_RETURN_TYPE = YES_ERROR;
				GCC_WARN_UNDECLARED_SELECTOR = YES;
				GCC_WARN_UNINITIALIZED_AUTOS = YES_AGGRESSIVE;
				GCC_WARN_UNUSED_FUNCTION = YES;
				GCC_WARN_UNUSED_VARIABLE = YES;
				IPHONEOS_DEPLOYMENT_TARGET = 17.0;
				LOCALIZATION_PREFERS_STRING_CATALOGS = YES;
				MACOSX_DEPLOYMENT_TARGET = 14.0;
				MTL_ENABLE_DEBUG_INFO = NO;
				MTL_FAST_MATH = YES;
				SDKROOT = iphoneos;
				SWIFT_COMPILATION_MODE = wholemodule;
			};
			name = Release;
		};
		E9CA11522AF070F70077BBAC /* Debug */ = {
			isa = XCBuildConfiguration;
			buildSettings = {
				ASSETCATALOG_COMPILER_APPICON_NAME = AppIcon;
				ASSETCATALOG_COMPILER_GLOBAL_ACCENT_COLOR_NAME = AccentColor;
				CODE_SIGN_ENTITLEMENTS = "Algo Crypto/Algo_Crypto.entitlements";
				"CODE_SIGN_IDENTITY[sdk=macosx*]" = "Apple Development";
				CODE_SIGN_STYLE = Automatic;
				COMBINE_HIDPI_IMAGES = YES;
				CURRENT_PROJECT_VERSION = 1;
				DEVELOPMENT_ASSET_PATHS = "\"Algo Crypto/Preview Content\"";
				DEVELOPMENT_TEAM = BK8PRMYFUA;
				ENABLE_HARDENED_RUNTIME = YES;
				ENABLE_PREVIEWS = YES;
				GENERATE_INFOPLIST_FILE = YES;
				INFOPLIST_KEY_CFBundleDisplayName = "Algo Crypto";
				INFOPLIST_KEY_NSHumanReadableCopyright = "";
				LD_RUNPATH_SEARCH_PATHS = (
					"$(inherited)",
					"@executable_path/../Frameworks",
				);
				MACOSX_DEPLOYMENT_TARGET = 14.0;
				MARKETING_VERSION = "1.1 Beta 2";
				PRODUCT_BUNDLE_IDENTIFIER = "com.thomaslebonnec.Algo-Crypto";
				PRODUCT_NAME = "$(TARGET_NAME)";
				SUPPORTED_PLATFORMS = "iphoneos iphonesimulator";
				SUPPORTS_MACCATALYST = YES;
				SUPPORTS_MAC_DESIGNED_FOR_IPHONE_IPAD = NO;
				SWIFT_EMIT_LOC_STRINGS = YES;
				SWIFT_VERSION = 5.0;
				TARGETED_DEVICE_FAMILY = "1,2";
			};
			name = Debug;
		};
		E9CA11532AF070F70077BBAC /* Release */ = {
			isa = XCBuildConfiguration;
			buildSettings = {
				ASSETCATALOG_COMPILER_APPICON_NAME = AppIcon;
				ASSETCATALOG_COMPILER_GLOBAL_ACCENT_COLOR_NAME = AccentColor;
				CODE_SIGN_ENTITLEMENTS = "Algo Crypto/Algo_Crypto.entitlements";
				"CODE_SIGN_IDENTITY[sdk=macosx*]" = "Apple Development";
				CODE_SIGN_STYLE = Automatic;
				COMBINE_HIDPI_IMAGES = YES;
				CURRENT_PROJECT_VERSION = 1;
				DEVELOPMENT_ASSET_PATHS = "\"Algo Crypto/Preview Content\"";
				DEVELOPMENT_TEAM = BK8PRMYFUA;
				ENABLE_HARDENED_RUNTIME = YES;
				ENABLE_PREVIEWS = YES;
				GENERATE_INFOPLIST_FILE = YES;
				INFOPLIST_KEY_CFBundleDisplayName = "Algo Crypto";
				INFOPLIST_KEY_NSHumanReadableCopyright = "";
				LD_RUNPATH_SEARCH_PATHS = (
					"$(inherited)",
					"@executable_path/../Frameworks",
				);
				MACOSX_DEPLOYMENT_TARGET = 14.0;
				MARKETING_VERSION = "1.1 Beta 2";
				PRODUCT_BUNDLE_IDENTIFIER = "com.thomaslebonnec.Algo-Crypto";
				PRODUCT_NAME = "$(TARGET_NAME)";
				SUPPORTED_PLATFORMS = "iphoneos iphonesimulator";
				SUPPORTS_MACCATALYST = YES;
				SUPPORTS_MAC_DESIGNED_FOR_IPHONE_IPAD = NO;
				SWIFT_EMIT_LOC_STRINGS = YES;
				SWIFT_VERSION = 5.0;
				TARGETED_DEVICE_FAMILY = "1,2";
			};
			name = Release;
		};
		E9CA11552AF070F70077BBAC /* Debug */ = {
			isa = XCBuildConfiguration;
			buildSettings = {
				ALWAYS_EMBED_SWIFT_STANDARD_LIBRARIES = YES;
				BUNDLE_LOADER = "$(TEST_HOST)";
				CODE_SIGN_STYLE = Automatic;
				CURRENT_PROJECT_VERSION = 1;
				DEVELOPMENT_TEAM = BK8PRMYFUA;
				GENERATE_INFOPLIST_FILE = YES;
				MACOSX_DEPLOYMENT_TARGET = 14.0;
				MARKETING_VERSION = 1.0;
				PRODUCT_BUNDLE_IDENTIFIER = "com.thomaslebonnec.Algo-CryptoTests";
				PRODUCT_NAME = "$(TARGET_NAME)";
				SWIFT_EMIT_LOC_STRINGS = NO;
				SWIFT_VERSION = 5.0;
				TEST_HOST = "$(BUILT_PRODUCTS_DIR)/Algo Crypto.app/$(BUNDLE_EXECUTABLE_FOLDER_PATH)/Algo Crypto";
			};
			name = Debug;
		};
		E9CA11562AF070F70077BBAC /* Release */ = {
			isa = XCBuildConfiguration;
			buildSettings = {
				ALWAYS_EMBED_SWIFT_STANDARD_LIBRARIES = YES;
				BUNDLE_LOADER = "$(TEST_HOST)";
				CODE_SIGN_STYLE = Automatic;
				CURRENT_PROJECT_VERSION = 1;
				DEVELOPMENT_TEAM = BK8PRMYFUA;
				GENERATE_INFOPLIST_FILE = YES;
				MACOSX_DEPLOYMENT_TARGET = 14.0;
				MARKETING_VERSION = 1.0;
				PRODUCT_BUNDLE_IDENTIFIER = "com.thomaslebonnec.Algo-CryptoTests";
				PRODUCT_NAME = "$(TARGET_NAME)";
				SWIFT_EMIT_LOC_STRINGS = NO;
				SWIFT_VERSION = 5.0;
				TEST_HOST = "$(BUILT_PRODUCTS_DIR)/Algo Crypto.app/$(BUNDLE_EXECUTABLE_FOLDER_PATH)/Algo Crypto";
			};
			name = Release;
		};
		E9CA11582AF070F70077BBAC /* Debug */ = {
			isa = XCBuildConfiguration;
			buildSettings = {
				ALWAYS_EMBED_SWIFT_STANDARD_LIBRARIES = YES;
				CODE_SIGN_STYLE = Automatic;
				CURRENT_PROJECT_VERSION = 1;
				DEVELOPMENT_TEAM = BK8PRMYFUA;
				GENERATE_INFOPLIST_FILE = YES;
				MARKETING_VERSION = 1.0;
				PRODUCT_BUNDLE_IDENTIFIER = "com.thomaslebonnec.Algo-CryptoUITests";
				PRODUCT_NAME = "$(TARGET_NAME)";
				SWIFT_EMIT_LOC_STRINGS = NO;
				SWIFT_VERSION = 5.0;
				TEST_TARGET_NAME = "Algo Crypto";
			};
			name = Debug;
		};
		E9CA11592AF070F70077BBAC /* Release */ = {
			isa = XCBuildConfiguration;
			buildSettings = {
				ALWAYS_EMBED_SWIFT_STANDARD_LIBRARIES = YES;
				CODE_SIGN_STYLE = Automatic;
				CURRENT_PROJECT_VERSION = 1;
				DEVELOPMENT_TEAM = BK8PRMYFUA;
				GENERATE_INFOPLIST_FILE = YES;
				MARKETING_VERSION = 1.0;
				PRODUCT_BUNDLE_IDENTIFIER = "com.thomaslebonnec.Algo-CryptoUITests";
				PRODUCT_NAME = "$(TARGET_NAME)";
				SWIFT_EMIT_LOC_STRINGS = NO;
				SWIFT_VERSION = 5.0;
				TEST_TARGET_NAME = "Algo Crypto";
			};
			name = Release;
		};
/* End XCBuildConfiguration section */

/* Begin XCConfigurationList section */
		E9CA11252AF070F50077BBAC /* Build configuration list for PBXProject "Algo Crypto" */ = {
			isa = XCConfigurationList;
			buildConfigurations = (
				E9CA114F2AF070F70077BBAC /* Debug */,
				E9CA11502AF070F70077BBAC /* Release */,
			);
			defaultConfigurationIsVisible = 0;
			defaultConfigurationName = Release;
		};
		E9CA11512AF070F70077BBAC /* Build configuration list for PBXNativeTarget "Algo Crypto" */ = {
			isa = XCConfigurationList;
			buildConfigurations = (
				E9CA11522AF070F70077BBAC /* Debug */,
				E9CA11532AF070F70077BBAC /* Release */,
			);
			defaultConfigurationIsVisible = 0;
			defaultConfigurationName = Release;
		};
		E9CA11542AF070F70077BBAC /* Build configuration list for PBXNativeTarget "Algo CryptoTests" */ = {
			isa = XCConfigurationList;
			buildConfigurations = (
				E9CA11552AF070F70077BBAC /* Debug */,
				E9CA11562AF070F70077BBAC /* Release */,
			);
			defaultConfigurationIsVisible = 0;
			defaultConfigurationName = Release;
		};
		E9CA11572AF070F70077BBAC /* Build configuration list for PBXNativeTarget "Algo CryptoUITests" */ = {
			isa = XCConfigurationList;
			buildConfigurations = (
				E9CA11582AF070F70077BBAC /* Debug */,
				E9CA11592AF070F70077BBAC /* Release */,
			);
			defaultConfigurationIsVisible = 0;
			defaultConfigurationName = Release;
		};
/* End XCConfigurationList section */

/* Begin XCRemoteSwiftPackageReference section */
		E91160062B01559A002F1032 /* XCRemoteSwiftPackageReference "LaTeXSwiftUI" */ = {
			isa = XCRemoteSwiftPackageReference;
			repositoryURL = "https://github.com/grdleo/LaTeXSwiftUI";
			requirement = {
				branch = main;
				kind = branch;
			};
		};
		E9ACB7D82B3303C90087439A /* XCRemoteSwiftPackageReference "CIUAisen" */ = {
			isa = XCRemoteSwiftPackageReference;
			repositoryURL = "https://github.com/TheBonnec/CIUAisen";
			requirement = {
				branch = main;
				kind = branch;
			};
		};
/* End XCRemoteSwiftPackageReference section */

/* Begin XCSwiftPackageProductDependency section */
		E91160072B01559A002F1032 /* LaTeXSwiftUI */ = {
			isa = XCSwiftPackageProductDependency;
			package = E91160062B01559A002F1032 /* XCRemoteSwiftPackageReference "LaTeXSwiftUI" */;
			productName = LaTeXSwiftUI;
		};
		E9ACB7D92B3303C90087439A /* CIUAisen */ = {
			isa = XCSwiftPackageProductDependency;
			package = E9ACB7D82B3303C90087439A /* XCRemoteSwiftPackageReference "CIUAisen" */;
			productName = CIUAisen;
		};
/* End XCSwiftPackageProductDependency section */
	};
	rootObject = E9CA11222AF070F50077BBAC /* Project object */;
}
